
Microsoft Visual Studio Solution File, Format Version 12.00
Project("{FAE04EC0-301F-11D3-BF4B-00C04F79EFBC}") = "Dz_str_mass_CS", "Dz_str_mass_CS\Dz_str_mass_CS.csproj", "{5B66685E-79AA-41D8-93E5-81022A3714B3}"
EndProject
Global
	GlobalSection(SolutionConfigurationPlatforms) = preSolution
		Debug|Any CPU = Debug|Any CPU
		Release|Any CPU = Release|Any CPU
	EndGlobalSection
	GlobalSection(ProjectConfigurationPlatforms) = postSolution
		{5B66685E-79AA-41D8-93E5-81022A3714B3}.Debug|Any CPU.ActiveCfg = Debug|Any CPU
		{5B66685E-79AA-41D8-93E5-81022A3714B3}.Debug|Any CPU.Build.0 = Debug|Any CPU
		{5B66685E-79AA-41D8-93E5-81022A3714B3}.Release|Any CPU.ActiveCfg = Release|Any CPU
		{5B66685E-79AA-41D8-93E5-81022A3714B3}.Release|Any CPU.Build.0 = Release|Any CPU
	EndGlobalSection
EndGlobal
